
Microsoft Visual Studio Solution File, Format Version 12.00
# Visual Studio Version 17
VisualStudioVersion = 17.3.32819.101
MinimumVisualStudioVersion = 10.0.40219.1
Project("{FAE04EC0-301F-11D3-BF4B-00C04F79EFBC}") = "DatabaseUltraHomeWork", "DatabaseUltraHomeWork\DatabaseUltraHomeWork.csproj", "{89BC0581-3596-4FE4-9CFA-8074EC28BE8E}"
EndProject
Global
	GlobalSection(SolutionConfigurationPlatforms) = preSolution
		Debug|Any CPU = Debug|Any CPU
		Release|Any CPU = Release|Any CPU
	EndGlobalSection
	GlobalSection(ProjectConfigurationPlatforms) = postSolution
		{89BC0581-3596-4FE4-9CFA-8074EC28BE8E}.Debug|Any CPU.ActiveCfg = Debug|Any CPU
		{89BC0581-3596-4FE4-9CFA-8074EC28BE8E}.Debug|Any CPU.Build.0 = Debug|Any CPU
		{89BC0581-3596-4FE4-9CFA-8074EC28BE8E}.Release|Any CPU.ActiveCfg = Release|Any CPU
		{89BC0581-3596-4FE4-9CFA-8074EC28BE8E}.Release|Any CPU.Build.0 = Release|Any CPU
	EndGlobalSection
	GlobalSection(SolutionProperties) = preSolution
		HideSolutionNode = FALSE
	EndGlobalSection
	GlobalSection(ExtensibilityGlobals) = postSolution
		SolutionGuid = {970E4DF4-FA18-4039-8ABB-CA854532D4DF}
	EndGlobalSection
EndGlobal
